{
  "version": 4,
  "terraform_version": "1.14.9",
  "serial": 30,
  "lineage": "9355c133-2d64-708f-94a5-0ceeb05386c3",
  "outputs": {},
  "resources": [
    {
      "mode": "managed",
      "type": "harvester_clusternetwork",
      "name": "mgmt",
      "provider": "provider[\"registry.terraform.io/harvester/harvester\"]",
      "instances": [
        {
          "schema_version": 0,
          "attributes": {
            "description": "",
            "id": "mgmt",
            "labels": {},
            "message": null,
            "name": "mgmt",
            "state": "Ready",
            "tags": {},
            "timeouts": null
          },
          "sensitive_attributes": [],
          "identity_schema_version": 0,
          "private": "eyJlMmJmYjczMC1lY2FhLTExZTYtOGY4OC0zNDM2M2JjN2M0YzAiOnsiY3JlYXRlIjoxMjAwMDAwMDAwMDAsImRlZmF1bHQiOjEyMDAwMDAwMDAwMCwiZGVsZXRlIjoxMjAwMDAwMDAwMDAsInJlYWQiOjEyMDAwMDAwMDAwMCwidXBkYXRlIjoxMjAwMDAwMDAwMDB9LCJzY2hlbWFfdmVyc2lvbiI6IjAifQ=="
        }
      ]
    },
    {
      "mode": "managed",
      "type": "harvester_ssh_key",
      "name": "sunao1222-key",
      "provider": "provider[\"registry.terraform.io/harvester/harvester\"]",
      "instances": [
        {
          "schema_version": 0,
          "attributes": {
            "description": "",
            "fingerprint": "",
            "id": "default/sunao1222-key",
            "labels": null,
            "message": null,
            "name": "sunao1222-key",
            "namespace": "default",
            "public_key": "ssh-ed25519 AAAAC3NzaC1lZDI1NTE5AAAAIJs2H6rAqEu086/vvwhuUXZXFoJb2ovK0FTiT1ieax72 Iras@ThinkBook-E14-G7",
            "state": "Not Validated",
            "tags": null,
            "timeouts": null
          },
          "sensitive_attributes": [],
          "identity_schema_version": 0,
          "private": "eyJlMmJmYjczMC1lY2FhLTExZTYtOGY4OC0zNDM2M2JjN2M0YzAiOnsiY3JlYXRlIjoxMjAwMDAwMDAwMDAsImRlZmF1bHQiOjEyMDAwMDAwMDAwMCwiZGVsZXRlIjoxMjAwMDAwMDAwMDAsInJlYWQiOjEyMDAwMDAwMDAwMCwidXBkYXRlIjoxMjAwMDAwMDAwMDB9fQ=="
        }
      ]
    },
    {
      "mode": "managed",
      "type": "harvester_storageclass",
      "name": "harvester-longhorn",
      "provider": "provider[\"registry.terraform.io/harvester/harvester\"]",
      "instances": [
        {
          "schema_version": 0,
          "attributes": {
            "allow_volume_expansion": true,
            "allowed_topologies": [],
            "description": "",
            "id": "harvester-longhorn",
            "is_default": true,
            "labels": {
              "app.kubernetes.io/managed-by": "Helm",
              "objectset.rio.cattle.io/hash": "e852fa897f5eae59a44b4bfe186aad80b10b94b3"
            },
            "message": null,
            "name": "harvester-longhorn",
            "parameters": {
              "baseImage": "",
              "fromBackup": "",
              "migratable": "true",
              "numberOfReplicas": "3",
              "staleReplicaTimeout": "30"
            },
            "reclaim_policy": "Delete",
            "state": null,
            "tags": {},
            "timeouts": null,
            "volume_binding_mode": "Immediate",
            "volume_provisioner": "driver.longhorn.io"
          },
          "sensitive_attributes": [],
          "identity_schema_version": 0,
          "private": "eyJlMmJmYjczMC1lY2FhLTExZTYtOGY4OC0zNDM2M2JjN2M0YzAiOnsiY3JlYXRlIjoxMjAwMDAwMDAwMDAsImRlZmF1bHQiOjEyMDAwMDAwMDAwMCwiZGVsZXRlIjoxMjAwMDAwMDAwMDAsInJlYWQiOjEyMDAwMDAwMDAwMCwidXBkYXRlIjoxMjAwMDAwMDAwMDB9LCJzY2hlbWFfdmVyc2lvbiI6IjAifQ=="
        }
      ]
    },
    {
      "mode": "managed",
      "type": "harvester_storageclass",
      "name": "longhorn",
      "provider": "provider[\"registry.terraform.io/harvester/harvester\"]",
      "instances": [
        {
          "schema_version": 0,
          "attributes": {
            "allow_volume_expansion": true,
            "allowed_topologies": [],
            "description": "",
            "id": "longhorn",
            "is_default": false,
            "labels": {},
            "message": null,
            "name": "longhorn",
            "parameters": {
              "backupTargetName": "default",
              "dataEngine": "v1",
              "dataLocality": "disabled",
              "disableRevisionCounter": "true",
              "fromBackup": "",
              "fsType": "ext4",
              "migratable": "true",
              "numberOfReplicas": "3",
              "staleReplicaTimeout": "30",
              "unmapMarkSnapChainRemoved": "ignored"
            },
            "reclaim_policy": "Delete",
            "state": null,
            "tags": {},
            "timeouts": null,
            "volume_binding_mode": "Immediate",
            "volume_provisioner": "driver.longhorn.io"
          },
          "sensitive_attributes": [],
          "identity_schema_version": 0,
          "private": "eyJlMmJmYjczMC1lY2FhLTExZTYtOGY4OC0zNDM2M2JjN2M0YzAiOnsiY3JlYXRlIjoxMjAwMDAwMDAwMDAsImRlZmF1bHQiOjEyMDAwMDAwMDAwMCwiZGVsZXRlIjoxMjAwMDAwMDAwMDAsInJlYWQiOjEyMDAwMDAwMDAwMCwidXBkYXRlIjoxMjAwMDAwMDAwMDB9LCJzY2hlbWFfdmVyc2lvbiI6IjAifQ=="
        }
      ]
    },
    {
      "mode": "managed",
      "type": "harvester_storageclass",
      "name": "longhorn-static",
      "provider": "provider[\"registry.terraform.io/harvester/harvester\"]",
      "instances": [
        {
          "schema_version": 0,
          "attributes": {
            "allow_volume_expansion": true,
            "allowed_topologies": [],
            "description": "",
            "id": "longhorn-static",
            "is_default": false,
            "labels": null,
            "message": null,
            "name": "longhorn-static",
            "parameters": {
              "staleReplicaTimeout": "30"
            },
            "reclaim_policy": "Delete",
            "state": null,
            "tags": null,
            "timeouts": null,
            "volume_binding_mode": "Immediate",
            "volume_provisioner": "driver.longhorn.io"
          },
          "sensitive_attributes": [],
          "identity_schema_version": 0,
          "private": "eyJlMmJmYjczMC1lY2FhLTExZTYtOGY4OC0zNDM2M2JjN2M0YzAiOnsiY3JlYXRlIjoxMjAwMDAwMDAwMDAsImRlZmF1bHQiOjEyMDAwMDAwMDAwMCwiZGVsZXRlIjoxMjAwMDAwMDAwMDAsInJlYWQiOjEyMDAwMDAwMDAwMCwidXBkYXRlIjoxMjAwMDAwMDAwMDB9fQ=="
        }
      ]
    },
    {
      "mode": "managed",
      "type": "harvester_storageclass",
      "name": "vmstate-persistence",
      "provider": "provider[\"registry.terraform.io/harvester/harvester\"]",
      "instances": [
        {
          "schema_version": 0,
          "attributes": {
            "allow_volume_expansion": true,
            "allowed_topologies": [],
            "description": "",
            "id": "vmstate-persistence",
            "is_default": false,
            "labels": {
              "app.kubernetes.io/managed-by": "Helm",
              "objectset.rio.cattle.io/hash": "e852fa897f5eae59a44b4bfe186aad80b10b94b3"
            },
            "message": null,
            "name": "vmstate-persistence",
            "parameters": {
              "numberOfReplicas": "3",
              "staleReplicaTimeout": "30"
            },
            "reclaim_policy": "Delete",
            "state": null,
            "tags": null,
            "timeouts": null,
            "volume_binding_mode": "Immediate",
            "volume_provisioner": "driver.longhorn.io"
          },
          "sensitive_attributes": [],
          "identity_schema_version": 0,
          "private": "eyJlMmJmYjczMC1lY2FhLTExZTYtOGY4OC0zNDM2M2JjN2M0YzAiOnsiY3JlYXRlIjoxMjAwMDAwMDAwMDAsImRlZmF1bHQiOjEyMDAwMDAwMDAwMCwiZGVsZXRlIjoxMjAwMDAwMDAwMDAsInJlYWQiOjEyMDAwMDAwMDAwMCwidXBkYXRlIjoxMjAwMDAwMDAwMDB9fQ=="
        }
      ]
    }
  ],
  "check_results": null
}
