{
  "version": 4,
  "terraform_version": "1.14.9",
  "serial": 14,
  "lineage": "9355c133-2d64-708f-94a5-0ceeb05386c3",
  "outputs": {},
  "resources": [
    {
      "mode": "managed",
      "type": "harvester_clusternetwork",
      "name": "mgmt",
      "provider": "provider[\"registry.terraform.io/harvester/harvester\"]",
      "instances": [
        {
          "schema_version": 0,
          "attributes": {
            "description": "",
            "id": "mgmt",
            "labels": {},
            "message": null,
            "name": "mgmt",
            "state": "Ready",
            "tags": {},
            "timeouts": null
          },
          "sensitive_attributes": [],
          "identity_schema_version": 0,
          "private": "eyJlMmJmYjczMC1lY2FhLTExZTYtOGY4OC0zNDM2M2JjN2M0YzAiOnsiY3JlYXRlIjoxMjAwMDAwMDAwMDAsImRlZmF1bHQiOjEyMDAwMDAwMDAwMCwiZGVsZXRlIjoxMjAwMDAwMDAwMDAsInJlYWQiOjEyMDAwMDAwMDAwMCwidXBkYXRlIjoxMjAwMDAwMDAwMDB9LCJzY2hlbWFfdmVyc2lvbiI6IjAifQ=="
        }
      ]
    }
  ],
  "check_results": null
}
