{
  "version": 4,
  "terraform_version": "1.14.9",
  "serial": 15,
  "lineage": "3c1ff93c-e60a-8e4d-c62d-6d4fd60aa7c1",
  "outputs": {},
  "resources": [
    {
      "mode": "managed",
      "type": "harvester_clusternetwork",
      "name": "mgmt",
      "provider": "provider[\"registry.terraform.io/harvester/harvester\"]",
      "instances": [
        {
          "schema_version": 0,
          "attributes": {
            "description": "",
            "id": "mgmt",
            "labels": {},
            "message": null,
            "name": "mgmt",
            "state": "Ready",
            "tags": {},
            "timeouts": null
          },
          "sensitive_attributes": [],
          "identity_schema_version": 0,
          "private": "eyJlMmJmYjczMC1lY2FhLTExZTYtOGY4OC0zNDM2M2JjN2M0YzAiOnsiY3JlYXRlIjoxMjAwMDAwMDAwMDAsImRlZmF1bHQiOjEyMDAwMDAwMDAwMCwiZGVsZXRlIjoxMjAwMDAwMDAwMDAsInJlYWQiOjEyMDAwMDAwMDAwMCwidXBkYXRlIjoxMjAwMDAwMDAwMDB9LCJzY2hlbWFfdmVyc2lvbiI6IjAifQ=="
        }
      ]
    },
    {
      "mode": "managed",
      "type": "harvester_image",
      "name": "opensuse160",
      "provider": "provider[\"registry.terraform.io/harvester/harvester\"]",
      "instances": [
        {
          "schema_version": 0,
          "attributes": {
            "backend": "backingimage",
            "checksum": "",
            "description": "",
            "display_name": "leap-16.0-minimal-vm.x86_64-cloud.qcow2",
            "file_path": null,
            "id": "default/opensuse160",
            "labels": {},
            "message": "",
            "name": "opensuse160",
            "namespace": "default",
            "progress": 100,
            "pvc_name": "",
            "pvc_namespace": "",
            "security_parameters": {},
            "size": 302715904,
            "source_type": "download",
            "state": "Active",
            "storage_class_name": "vmstate-persistence",
            "storage_class_parameters": {
              "migratable": "true",
              "numberOfReplicas": "2",
              "staleReplicaTimeout": "30"
            },
            "tags": {},
            "timeouts": null,
            "url": "https://download.opensuse.org/distribution/leap/16.0/appliances/Leap-16.0-Minimal-VM.x86_64-Cloud.qcow2",
            "volume_storage_class_name": "lh-8f60de1a-7ca6-4e8d-85e1-b08e8c094835"
          },
          "sensitive_attributes": [],
          "identity_schema_version": 0,
          "private": "eyJlMmJmYjczMC1lY2FhLTExZTYtOGY4OC0zNDM2M2JjN2M0YzAiOnsiY3JlYXRlIjozMDAwMDAwMDAwMDAsImRlZmF1bHQiOjEyMDAwMDAwMDAwMCwiZGVsZXRlIjoxMjAwMDAwMDAwMDAsInJlYWQiOjEyMDAwMDAwMDAwMCwidXBkYXRlIjozMDAwMDAwMDAwMDB9fQ==",
          "dependencies": [
            "harvester_storageclass.vmstate-persistence"
          ]
        }
      ]
    },
    {
      "mode": "managed",
      "type": "harvester_storageclass",
      "name": "harvester-longhorn",
      "provider": "provider[\"registry.terraform.io/harvester/harvester\"]",
      "instances": [
        {
          "schema_version": 0,
          "attributes": {
            "allow_volume_expansion": true,
            "allowed_topologies": [],
            "description": "",
            "id": "harvester-longhorn",
            "is_default": true,
            "labels": {
              "app.kubernetes.io/managed-by": "Helm",
              "objectset.rio.cattle.io/hash": "e852fa897f5eae59a44b4bfe186aad80b10b94b3"
            },
            "message": null,
            "name": "harvester-longhorn",
            "parameters": {
              "baseImage": "",
              "fromBackup": "",
              "migratable": "true",
              "numberOfReplicas": "3",
              "staleReplicaTimeout": "30"
            },
            "reclaim_policy": "Delete",
            "state": null,
            "tags": {},
            "timeouts": null,
            "volume_binding_mode": "Immediate",
            "volume_provisioner": "driver.longhorn.io"
          },
          "sensitive_attributes": [],
          "identity_schema_version": 0,
          "private": "eyJlMmJmYjczMC1lY2FhLTExZTYtOGY4OC0zNDM2M2JjN2M0YzAiOnsiY3JlYXRlIjoxMjAwMDAwMDAwMDAsImRlZmF1bHQiOjEyMDAwMDAwMDAwMCwiZGVsZXRlIjoxMjAwMDAwMDAwMDAsInJlYWQiOjEyMDAwMDAwMDAwMCwidXBkYXRlIjoxMjAwMDAwMDAwMDB9LCJzY2hlbWFfdmVyc2lvbiI6IjAifQ=="
        }
      ]
    },
    {
      "mode": "managed",
      "type": "harvester_storageclass",
      "name": "longhorn",
      "provider": "provider[\"registry.terraform.io/harvester/harvester\"]",
      "instances": [
        {
          "schema_version": 0,
          "attributes": {
            "allow_volume_expansion": true,
            "allowed_topologies": [],
            "description": "",
            "id": "longhorn",
            "is_default": false,
            "labels": {},
            "message": null,
            "name": "longhorn",
            "parameters": {
              "backupTargetName": "default",
              "dataEngine": "v1",
              "dataLocality": "disabled",
              "disableRevisionCounter": "true",
              "fromBackup": "",
              "fsType": "ext4",
              "migratable": "true",
              "numberOfReplicas": "3",
              "staleReplicaTimeout": "30",
              "unmapMarkSnapChainRemoved": "ignored"
            },
            "reclaim_policy": "Delete",
            "state": null,
            "tags": {},
            "timeouts": null,
            "volume_binding_mode": "Immediate",
            "volume_provisioner": "driver.longhorn.io"
          },
          "sensitive_attributes": [],
          "identity_schema_version": 0,
          "private": "eyJlMmJmYjczMC1lY2FhLTExZTYtOGY4OC0zNDM2M2JjN2M0YzAiOnsiY3JlYXRlIjoxMjAwMDAwMDAwMDAsImRlZmF1bHQiOjEyMDAwMDAwMDAwMCwiZGVsZXRlIjoxMjAwMDAwMDAwMDAsInJlYWQiOjEyMDAwMDAwMDAwMCwidXBkYXRlIjoxMjAwMDAwMDAwMDB9LCJzY2hlbWFfdmVyc2lvbiI6IjAifQ=="
        }
      ]
    },
    {
      "mode": "managed",
      "type": "harvester_storageclass",
      "name": "longhorn-static",
      "provider": "provider[\"registry.terraform.io/harvester/harvester\"]",
      "instances": [
        {
          "schema_version": 0,
          "attributes": {
            "allow_volume_expansion": true,
            "allowed_topologies": [],
            "description": "",
            "id": "longhorn-static",
            "is_default": false,
            "labels": {},
            "message": null,
            "name": "longhorn-static",
            "parameters": {
              "staleReplicaTimeout": "30"
            },
            "reclaim_policy": "Delete",
            "state": null,
            "tags": {},
            "timeouts": null,
            "volume_binding_mode": "Immediate",
            "volume_provisioner": "driver.longhorn.io"
          },
          "sensitive_attributes": [],
          "identity_schema_version": 0,
          "private": "eyJlMmJmYjczMC1lY2FhLTExZTYtOGY4OC0zNDM2M2JjN2M0YzAiOnsiY3JlYXRlIjoxMjAwMDAwMDAwMDAsImRlZmF1bHQiOjEyMDAwMDAwMDAwMCwiZGVsZXRlIjoxMjAwMDAwMDAwMDAsInJlYWQiOjEyMDAwMDAwMDAwMCwidXBkYXRlIjoxMjAwMDAwMDAwMDB9LCJzY2hlbWFfdmVyc2lvbiI6IjAifQ=="
        }
      ]
    },
    {
      "mode": "managed",
      "type": "harvester_storageclass",
      "name": "vmstate-persistence",
      "provider": "provider[\"registry.terraform.io/harvester/harvester\"]",
      "instances": [
        {
          "schema_version": 0,
          "attributes": {
            "allow_volume_expansion": true,
            "allowed_topologies": [],
            "description": "",
            "id": "vmstate-persistence",
            "is_default": false,
            "labels": {},
            "message": null,
            "name": "vmstate-persistence",
            "parameters": {
              "migratable": "true",
              "numberOfReplicas": "2",
              "staleReplicaTimeout": "30"
            },
            "reclaim_policy": "Delete",
            "state": null,
            "tags": {},
            "timeouts": null,
            "volume_binding_mode": "Immediate",
            "volume_provisioner": "driver.longhorn.io"
          },
          "sensitive_attributes": [],
          "identity_schema_version": 0,
          "private": "eyJlMmJmYjczMC1lY2FhLTExZTYtOGY4OC0zNDM2M2JjN2M0YzAiOnsiY3JlYXRlIjoxMjAwMDAwMDAwMDAsImRlZmF1bHQiOjEyMDAwMDAwMDAwMCwiZGVsZXRlIjoxMjAwMDAwMDAwMDAsInJlYWQiOjEyMDAwMDAwMDAwMCwidXBkYXRlIjoxMjAwMDAwMDAwMDB9LCJzY2hlbWFfdmVyc2lvbiI6IjAifQ=="
        }
      ]
    }
  ],
  "check_results": null
}
